
Microsoft Visual Studio Solution File, Format Version 12.00
# Visual Studio Version 17
VisualStudioVersion = 17.9.34728.123
MinimumVisualStudioVersion = 10.0.40219.1
Project("{FAE04EC0-301F-11D3-BF4B-00C04F79EFBC}") = "ApplicationFormApp1", "ApplicationFormApp1\ApplicationFormApp1.csproj", "{2B33D99B-1330-452C-9572-E0A9C453DC3A}"
EndProject
Global
	GlobalSection(SolutionConfigurationPlatforms) = preSolution
		Debug|Any CPU = Debug|Any CPU
		Release|Any CPU = Release|Any CPU
	EndGlobalSection
	GlobalSection(ProjectConfigurationPlatforms) = postSolution
		{2B33D99B-1330-452C-9572-E0A9C453DC3A}.Debug|Any CPU.ActiveCfg = Debug|Any CPU
		{2B33D99B-1330-452C-9572-E0A9C453DC3A}.Debug|Any CPU.Build.0 = Debug|Any CPU
		{2B33D99B-1330-452C-9572-E0A9C453DC3A}.Release|Any CPU.ActiveCfg = Release|Any CPU
		{2B33D99B-1330-452C-9572-E0A9C453DC3A}.Release|Any CPU.Build.0 = Release|Any CPU
	EndGlobalSection
	GlobalSection(SolutionProperties) = preSolution
		HideSolutionNode = FALSE
	EndGlobalSection
	GlobalSection(ExtensibilityGlobals) = postSolution
		SolutionGuid = {1DED982E-1E4C-4249-B06D-47B3E2BC39EF}
	EndGlobalSection
EndGlobal
